
Microsoft Visual Studio Solution File, Format Version 12.00
# Visual Studio Version 16
VisualStudioVersion = 16.0.31729.503
MinimumVisualStudioVersion = 10.0.40219.1
Project("{9A19103F-16F7-4668-BE54-9A1E7A4F7556}") = "ExternalStartingItems", "ExternalStartingItems.csproj", "{01D36F7B-335B-4EE3-84CF-EAD5D083DB13}"
EndProject
Global
	GlobalSection(SolutionConfigurationPlatforms) = preSolution
		Debug|Any CPU = Debug|Any CPU
		Release|Any CPU = Release|Any CPU
	EndGlobalSection
	GlobalSection(ProjectConfigurationPlatforms) = postSolution
		{01D36F7B-335B-4EE3-84CF-EAD5D083DB13}.Debug|Any CPU.ActiveCfg = Debug|Any CPU
		{01D36F7B-335B-4EE3-84CF-EAD5D083DB13}.Debug|Any CPU.Build.0 = Debug|Any CPU
		{01D36F7B-335B-4EE3-84CF-EAD5D083DB13}.Release|Any CPU.ActiveCfg = Release|Any CPU
		{01D36F7B-335B-4EE3-84CF-EAD5D083DB13}.Release|Any CPU.Build.0 = Release|Any CPU
	EndGlobalSection
	GlobalSection(SolutionProperties) = preSolution
		HideSolutionNode = FALSE
	EndGlobalSection
	GlobalSection(ExtensibilityGlobals) = postSolution
		SolutionGuid = {605F0859-104C-431C-A9F1-DAA6FC3B585E}
	EndGlobalSection
EndGlobal
